// !$*UTF8*$!
{
	archiveVersion = 1;
	classes = {
	};
	objectVersion = 50;
	objects = {

/* Begin PBXBuildFile section */
		24FCEE522209366300380FB4 /* AppDelegate.swift in Sources */ = {isa = PBXBuildFile; fileRef = 24FCEE512209366300380FB4 /* AppDelegate.swift */; };
		24FCEE572209366300380FB4 /* Main.storyboard in Resources */ = {isa = PBXBuildFile; fileRef = 24FCEE552209366300380FB4 /* Main.storyboard */; };
		24FCEE592209366600380FB4 /* Assets.xcassets in Resources */ = {isa = PBXBuildFile; fileRef = 24FCEE582209366600380FB4 /* Assets.xcassets */; };
		24FCEE5C2209366600380FB4 /* LaunchScreen.storyboard in Resources */ = {isa = PBXBuildFile; fileRef = 24FCEE5A2209366600380FB4 /* LaunchScreen.storyboard */; };
		24FCEE672209366600380FB4 /* CSC_699_Lab1Tests.swift in Sources */ = {isa = PBXBuildFile; fileRef = 24FCEE662209366600380FB4 /* CSC_699_Lab1Tests.swift */; };
		24FCEE722209366600380FB4 /* CSC_699_Lab1UITests.swift in Sources */ = {isa = PBXBuildFile; fileRef = 24FCEE712209366600380FB4 /* CSC_699_Lab1UITests.swift */; };
		24FCEE822209380200380FB4 /* PhotosViewController.swift in Sources */ = {isa = PBXBuildFile; fileRef = 24FCEE812209380200380FB4 /* PhotosViewController.swift */; };
/* End PBXBuildFile section */

/* Begin PBXContainerItemProxy section */
		24FCEE632209366600380FB4 /* PBXContainerItemProxy */ = {
			isa = PBXContainerItemProxy;
			containerPortal = 24FCEE462209366300380FB4 /* Project object */;
			proxyType = 1;
			remoteGlobalIDString = 24FCEE4D2209366300380FB4;
			remoteInfo = "CSC 699 Lab1";
		};
		24FCEE6E2209366600380FB4 /* PBXContainerItemProxy */ = {
			isa = PBXContainerItemProxy;
			containerPortal = 24FCEE462209366300380FB4 /* Project object */;
			proxyType = 1;
			remoteGlobalIDString = 24FCEE4D2209366300380FB4;
			remoteInfo = "CSC 699 Lab1";
		};
/* End PBXContainerItemProxy section */

/* Begin PBXFileReference section */
		24FCEE4E2209366300380FB4 /* CSC 699 Lab1.app */ = {isa = PBXFileReference; explicitFileType = wrapper.application; includeInIndex = 0; path = "CSC 699 Lab1.app"; sourceTree = BUILT_PRODUCTS_DIR; };
		24FCEE512209366300380FB4 /* AppDelegate.swift */ = {isa = PBXFileReference; lastKnownFileType = sourcecode.swift; path = AppDelegate.swift; sourceTree = "<group>"; };
		24FCEE562209366300380FB4 /* Base */ = {isa = PBXFileReference; lastKnownFileType = file.storyboard; name = Base; path = Base.lproj/Main.storyboard; sourceTree = "<group>"; };
		24FCEE582209366600380FB4 /* Assets.xcassets */ = {isa = PBXFileReference; lastKnownFileType = folder.assetcatalog; path = Assets.xcassets; sourceTree = "<group>"; };
		24FCEE5B2209366600380FB4 /* Base */ = {isa = PBXFileReference; lastKnownFileType = file.storyboard; name = Base; path = Base.lproj/LaunchScreen.storyboard; sourceTree = "<group>"; };
		24FCEE5D2209366600380FB4 /* Info.plist */ = {isa = PBXFileReference; lastKnownFileType = text.plist.xml; path = Info.plist; sourceTree = "<group>"; };
		24FCEE622209366600380FB4 /* CSC 699 Lab1Tests.xctest */ = {isa = PBXFileReference; explicitFileType = wrapper.cfbundle; includeInIndex = 0; path = "CSC 699 Lab1Tests.xctest"; sourceTree = BUILT_PRODUCTS_DIR; };
		24FCEE662209366600380FB4 /* CSC_699_Lab1Tests.swift */ = {isa = PBXFileReference; lastKnownFileType = sourcecode.swift; path = CSC_699_Lab1Tests.swift; sourceTree = "<group>"; };
		24FCEE682209366600380FB4 /* Info.plist */ = {isa = PBXFileReference; lastKnownFileType = text.plist.xml; path = Info.plist; sourceTree = "<group>"; };
		24FCEE6D2209366600380FB4 /* CSC 699 Lab1UITests.xctest */ = {isa = PBXFileReference; explicitFileType = wrapper.cfbundle; includeInIndex = 0; path = "CSC 699 Lab1UITests.xctest"; sourceTree = BUILT_PRODUCTS_DIR; };
		24FCEE712209366600380FB4 /* CSC_699_Lab1UITests.swift */ = {isa = PBXFileReference; lastKnownFileType = sourcecode.swift; path = CSC_699_Lab1UITests.swift; sourceTree = "<group>"; };
		24FCEE732209366600380FB4 /* Info.plist */ = {isa = PBXFileReference; lastKnownFileType = text.plist.xml; path = Info.plist; sourceTree = "<group>"; };
		24FCEE812209380200380FB4 /* PhotosViewController.swift */ = {isa = PBXFileReference; lastKnownFileType = sourcecode.swift; path = PhotosViewController.swift; sourceTree = "<group>"; };
/* End PBXFileReference section */

/* Begin PBXFrameworksBuildPhase section */
		24FCEE4B2209366300380FB4 /* Frameworks */ = {
			isa = PBXFrameworksBuildPhase;
			buildActionMask = 2147483647;
			files = (
			);
			runOnlyForDeploymentPostprocessing = 0;
		};
		24FCEE5F2209366600380FB4 /* Frameworks */ = {
			isa = PBXFrameworksBuildPhase;
			buildActionMask = 2147483647;
			files = (
			);
			runOnlyForDeploymentPostprocessing = 0;
		};
		24FCEE6A2209366600380FB4 /* Frameworks */ = {
			isa = PBXFrameworksBuildPhase;
			buildActionMask = 2147483647;
			files = (
			);
			runOnlyForDeploymentPostprocessing = 0;
		};
/* End PBXFrameworksBuildPhase section */

/* Begin PBXGroup section */
		24FCEE452209366300380FB4 = {
			isa = PBXGroup;
			children = (
				24FCEE502209366300380FB4 /* CSC 699 Lab1 */,
				24FCEE652209366600380FB4 /* CSC 699 Lab1Tests */,
				24FCEE702209366600380FB4 /* CSC 699 Lab1UITests */,
				24FCEE4F2209366300380FB4 /* Products */,
			);
			sourceTree = "<group>";
		};
		24FCEE4F2209366300380FB4 /* Products */ = {
			isa = PBXGroup;
			children = (
				24FCEE4E2209366300380FB4 /* CSC 699 Lab1.app */,
				24FCEE622209366600380FB4 /* CSC 699 Lab1Tests.xctest */,
				24FCEE6D2209366600380FB4 /* CSC 699 Lab1UITests.xctest */,
			);
			name = Products;
			sourceTree = "<group>";
		};
		24FCEE502209366300380FB4 /* CSC 699 Lab1 */ = {
			isa = PBXGroup;
			children = (
				24FCEE512209366300380FB4 /* AppDelegate.swift */,
				24FCEE812209380200380FB4 /* PhotosViewController.swift */,
				24FCEE552209366300380FB4 /* Main.storyboard */,
				24FCEE582209366600380FB4 /* Assets.xcassets */,
				24FCEE5A2209366600380FB4 /* LaunchScreen.storyboard */,
				24FCEE5D2209366600380FB4 /* Info.plist */,
			);
			path = "CSC 699 Lab1";
			sourceTree = "<group>";
		};
		24FCEE652209366600380FB4 /* CSC 699 Lab1Tests */ = {
			isa = PBXGroup;
			children = (
				24FCEE662209366600380FB4 /* CSC_699_Lab1Tests.swift */,
				24FCEE682209366600380FB4 /* Info.plist */,
			);
			path = "CSC 699 Lab1Tests";
			sourceTree = "<group>";
		};
		24FCEE702209366600380FB4 /* CSC 699 Lab1UITests */ = {
			isa = PBXGroup;
			children = (
				24FCEE712209366600380FB4 /* CSC_699_Lab1UITests.swift */,
				24FCEE732209366600380FB4 /* Info.plist */,
			);
			path = "CSC 699 Lab1UITests";
			sourceTree = "<group>";
		};
/* End PBXGroup section */

/* Begin PBXNativeTarget section */
		24FCEE4D2209366300380FB4 /* CSC 699 Lab1 */ = {
			isa = PBXNativeTarget;
			buildConfigurationList = 24FCEE762209366600380FB4 /* Build configuration list for PBXNativeTarget "CSC 699 Lab1" */;
			buildPhases = (
				24FCEE4A2209366300380FB4 /* Sources */,
				24FCEE4B2209366300380FB4 /* Frameworks */,
				24FCEE4C2209366300380FB4 /* Resources */,
			);
			buildRules = (
			);
			dependencies = (
			);
			name = "CSC 699 Lab1";
			productName = "CSC 699 Lab1";
			productReference = 24FCEE4E2209366300380FB4 /* CSC 699 Lab1.app */;
			productType = "com.apple.product-type.application";
		};
		24FCEE612209366600380FB4 /* CSC 699 Lab1Tests */ = {
			isa = PBXNativeTarget;
			buildConfigurationList = 24FCEE792209366600380FB4 /* Build configuration list for PBXNativeTarget "CSC 699 Lab1Tests" */;
			buildPhases = (
				24FCEE5E2209366600380FB4 /* Sources */,
				24FCEE5F2209366600380FB4 /* Frameworks */,
				24FCEE602209366600380FB4 /* Resources */,
			);
			buildRules = (
			);
			dependencies = (
				24FCEE642209366600380FB4 /* PBXTargetDependency */,
			);
			name = "CSC 699 Lab1Tests";
			productName = "CSC 699 Lab1Tests";
			productReference = 24FCEE622209366600380FB4 /* CSC 699 Lab1Tests.xctest */;
			productType = "com.apple.product-type.bundle.unit-test";
		};
		24FCEE6C2209366600380FB4 /* CSC 699 Lab1UITests */ = {
			isa = PBXNativeTarget;
			buildConfigurationList = 24FCEE7C2209366600380FB4 /* Build configuration list for PBXNativeTarget "CSC 699 Lab1UITests" */;
			buildPhases = (
				24FCEE692209366600380FB4 /* Sources */,
				24FCEE6A2209366600380FB4 /* Frameworks */,
				24FCEE6B2209366600380FB4 /* Resources */,
			);
			buildRules = (
			);
			dependencies = (
				24FCEE6F2209366600380FB4 /* PBXTargetDependency */,
			);
			name = "CSC 699 Lab1UITests";
			productName = "CSC 699 Lab1UITests";
			productReference = 24FCEE6D2209366600380FB4 /* CSC 699 Lab1UITests.xctest */;
			productType = "com.apple.product-type.bundle.ui-testing";
		};
/* End PBXNativeTarget section */

/* Begin PBXProject section */
		24FCEE462209366300380FB4 /* Project object */ = {
			isa = PBXProject;
			attributes = {
				LastSwiftUpdateCheck = 1010;
				LastUpgradeCheck = 1010;
				ORGANIZATIONNAME = "Micaella Morales";
				TargetAttributes = {
					24FCEE4D2209366300380FB4 = {
						CreatedOnToolsVersion = 10.1;
					};
					24FCEE612209366600380FB4 = {
						CreatedOnToolsVersion = 10.1;
						TestTargetID = 24FCEE4D2209366300380FB4;
					};
					24FCEE6C2209366600380FB4 = {
						CreatedOnToolsVersion = 10.1;
						TestTargetID = 24FCEE4D2209366300380FB4;
					};
				};
			};
			buildConfigurationList = 24FCEE492209366300380FB4 /* Build configuration list for PBXProject "CSC 699 Lab1" */;
			compatibilityVersion = "Xcode 9.3";
			developmentRegion = en;
			hasScannedForEncodings = 0;
			knownRegions = (
				en,
				Base,
			);
			mainGroup = 24FCEE452209366300380FB4;
			productRefGroup = 24FCEE4F2209366300380FB4 /* Products */;
			projectDirPath = "";
			projectRoot = "";
			targets = (
				24FCEE4D2209366300380FB4 /* CSC 699 Lab1 */,
				24FCEE612209366600380FB4 /* CSC 699 Lab1Tests */,
				24FCEE6C2209366600380FB4 /* CSC 699 Lab1UITests */,
			);
		};
/* End PBXProject section */

/* Begin PBXResourcesBuildPhase section */
		24FCEE4C2209366300380FB4 /* Resources */ = {
			isa = PBXResourcesBuildPhase;
			buildActionMask = 2147483647;
			files = (
				24FCEE5C2209366600380FB4 /* LaunchScreen.storyboard in Resources */,
				24FCEE592209366600380FB4 /* Assets.xcassets in Resources */,
				24FCEE572209366300380FB4 /* Main.storyboard in Resources */,
			);
			runOnlyForDeploymentPostprocessing = 0;
		};
		24FCEE602209366600380FB4 /* Resources */ = {
			isa = PBXResourcesBuildPhase;
			buildActionMask = 2147483647;
			files = (
			);
			runOnlyForDeploymentPostprocessing = 0;
		};
		24FCEE6B2209366600380FB4 /* Resources */ = {
			isa = PBXResourcesBuildPhase;
			buildActionMask = 2147483647;
			files = (
			);
			runOnlyForDeploymentPostprocessing = 0;
		};
/* End PBXResourcesBuildPhase section */

/* Begin PBXSourcesBuildPhase section */
		24FCEE4A2209366300380FB4 /* Sources */ = {
			isa = PBXSourcesBuildPhase;
			buildActionMask = 2147483647;
			files = (
				24FCEE522209366300380FB4 /* AppDelegate.swift in Sources */,
				24FCEE822209380200380FB4 /* PhotosViewController.swift in Sources */,
			);
			runOnlyForDeploymentPostprocessing = 0;
		};
		24FCEE5E2209366600380FB4 /* Sources */ = {
			isa = PBXSourcesBuildPhase;
			buildActionMask = 2147483647;
			files = (
				24FCEE672209366600380FB4 /* CSC_699_Lab1Tests.swift in Sources */,
			);
			runOnlyForDeploymentPostprocessing = 0;
		};
		24FCEE692209366600380FB4 /* Sources */ = {
			isa = PBXSourcesBuildPhase;
			buildActionMask = 2147483647;
			files = (
				24FCEE722209366600380FB4 /* CSC_699_Lab1UITests.swift in Sources */,
			);
			runOnlyForDeploymentPostprocessing = 0;
		};
/* End PBXSourcesBuildPhase section */

/* Begin PBXTargetDependency section */
		24FCEE642209366600380FB4 /* PBXTargetDependency */ = {
			isa = PBXTargetDependency;
			target = 24FCEE4D2209366300380FB4 /* CSC 699 Lab1 */;
			targetProxy = 24FCEE632209366600380FB4 /* PBXContainerItemProxy */;
		};
		24FCEE6F2209366600380FB4 /* PBXTargetDependency */ = {
			isa = PBXTargetDependency;
			target = 24FCEE4D2209366300380FB4 /* CSC 699 Lab1 */;
			targetProxy = 24FCEE6E2209366600380FB4 /* PBXContainerItemProxy */;
		};
/* End PBXTargetDependency section */

/* Begin PBXVariantGroup section */
		24FCEE552209366300380FB4 /* Main.storyboard */ = {
			isa = PBXVariantGroup;
			children = (
				24FCEE562209366300380FB4 /* Base */,
			);
			name = Main.storyboard;
			sourceTree = "<group>";
		};
		24FCEE5A2209366600380FB4 /* LaunchScreen.storyboard */ = {
			isa = PBXVariantGroup;
			children = (
				24FCEE5B2209366600380FB4 /* Base */,
			);
			name = LaunchScreen.storyboard;
			sourceTree = "<group>";
		};
/* End PBXVariantGroup section */

/* Begin XCBuildConfiguration section */
		24FCEE742209366600380FB4 /* Debug */ = {
			isa = XCBuildConfiguration;
			buildSettings = {
				ALWAYS_SEARCH_USER_PATHS = NO;
				CLANG_ANALYZER_NONNULL = YES;
				CLANG_ANALYZER_NUMBER_OBJECT_CONVERSION = YES_AGGRESSIVE;
				CLANG_CXX_LANGUAGE_STANDARD = "gnu++14";
				CLANG_CXX_LIBRARY = "libc++";
				CLANG_ENABLE_MODULES = YES;
				CLANG_ENABLE_OBJC_ARC = YES;
				CLANG_ENABLE_OBJC_WEAK = YES;
				CLANG_WARN_BLOCK_CAPTURE_AUTORELEASING = YES;
				CLANG_WARN_BOOL_CONVERSION = YES;
				CLANG_WARN_COMMA = YES;
				CLANG_WARN_CONSTANT_CONVERSION = YES;
				CLANG_WARN_DEPRECATED_OBJC_IMPLEMENTATIONS = YES;
				CLANG_WARN_DIRECT_OBJC_ISA_USAGE = YES_ERROR;
				CLANG_WARN_DOCUMENTATION_COMMENTS = YES;
				CLANG_WARN_EMPTY_BODY = YES;
				CLANG_WARN_ENUM_CONVERSION = YES;
				CLANG_WARN_INFINITE_RECURSION = YES;
				CLANG_WARN_INT_CONVERSION = YES;
				CLANG_WARN_NON_LITERAL_NULL_CONVERSION = YES;
				CLANG_WARN_OBJC_IMPLICIT_RETAIN_SELF = YES;
				CLANG_WARN_OBJC_LITERAL_CONVERSION = YES;
				CLANG_WARN_OBJC_ROOT_CLASS = YES_ERROR;
				CLANG_WARN_RANGE_LOOP_ANALYSIS = YES;
				CLANG_WARN_STRICT_PROTOTYPES = YES;
				CLANG_WARN_SUSPICIOUS_MOVE = YES;
				CLANG_WARN_UNGUARDED_AVAILABILITY = YES_AGGRESSIVE;
				CLANG_WARN_UNREACHABLE_CODE = YES;
				CLANG_WARN__DUPLICATE_METHOD_MATCH = YES;
				CODE_SIGN_IDENTITY = "iPhone Developer";
				COPY_PHASE_STRIP = NO;
				DEBUG_INFORMATION_FORMAT = dwarf;
				ENABLE_STRICT_OBJC_MSGSEND = YES;
				ENABLE_TESTABILITY = YES;
				GCC_C_LANGUAGE_STANDARD = gnu11;
				GCC_DYNAMIC_NO_PIC = NO;
				GCC_NO_COMMON_BLOCKS = YES;
				GCC_OPTIMIZATION_LEVEL = 0;
				GCC_PREPROCESSOR_DEFINITIONS = (
					"DEBUG=1",
					"$(inherited)",
				);
				GCC_WARN_64_TO_32_BIT_CONVERSION = YES;
				GCC_WARN_ABOUT_RETURN_TYPE = YES_ERROR;
				GCC_WARN_UNDECLARED_SELECTOR = YES;
				GCC_WARN_UNINITIALIZED_AUTOS = YES_AGGRESSIVE;
				GCC_WARN_UNUSED_FUNCTION = YES;
				GCC_WARN_UNUSED_VARIABLE = YES;
				IPHONEOS_DEPLOYMENT_TARGET = 12.1;
				MTL_ENABLE_DEBUG_INFO = INCLUDE_SOURCE;
				MTL_FAST_MATH = YES;
				ONLY_ACTIVE_ARCH = YES;
				SDKROOT = iphoneos;
				SWIFT_ACTIVE_COMPILATION_CONDITIONS = DEBUG;
				SWIFT_OPTIMIZATION_LEVEL = "-Onone";
			};
			name = Debug;
		};
		24FCEE752209366600380FB4 /* Release */ = {
			isa = XCBuildConfiguration;
			buildSettings = {
				ALWAYS_SEARCH_USER_PATHS = NO;
				CLANG_ANALYZER_NONNULL = YES;
				CLANG_ANALYZER_NUMBER_OBJECT_CONVERSION = YES_AGGRESSIVE;
				CLANG_CXX_LANGUAGE_STANDARD = "gnu++14";
				CLANG_CXX_LIBRARY = "libc++";
				CLANG_ENABLE_MODULES = YES;
				CLANG_ENABLE_OBJC_ARC = YES;
				CLANG_ENABLE_OBJC_WEAK = YES;
				CLANG_WARN_BLOCK_CAPTURE_AUTORELEASING = YES;
				CLANG_WARN_BOOL_CONVERSION = YES;
				CLANG_WARN_COMMA = YES;
				CLANG_WARN_CONSTANT_CONVERSION = YES;
				CLANG_WARN_DEPRECATED_OBJC_IMPLEMENTATIONS = YES;
				CLANG_WARN_DIRECT_OBJC_ISA_USAGE = YES_ERROR;
				CLANG_WARN_DOCUMENTATION_COMMENTS = YES;
				CLANG_WARN_EMPTY_BODY = YES;
				CLANG_WARN_ENUM_CONVERSION = YES;
				CLANG_WARN_INFINITE_RECURSION = YES;
				CLANG_WARN_INT_CONVERSION = YES;
				CLANG_WARN_NON_LITERAL_NULL_CONVERSION = YES;
				CLANG_WARN_OBJC_IMPLICIT_RETAIN_SELF = YES;
				CLANG_WARN_OBJC_LITERAL_CONVERSION = YES;
				CLANG_WARN_OBJC_ROOT_CLASS = YES_ERROR;
				CLANG_WARN_RANGE_LOOP_ANALYSIS = YES;
				CLANG_WARN_STRICT_PROTOTYPES = YES;
				CLANG_WARN_SUSPICIOUS_MOVE = YES;
				CLANG_WARN_UNGUARDED_AVAILABILITY = YES_AGGRESSIVE;
				CLANG_WARN_UNREACHABLE_CODE = YES;
				CLANG_WARN__DUPLICATE_METHOD_MATCH = YES;
				CODE_SIGN_IDENTITY = "iPhone Developer";
				COPY_PHASE_STRIP = NO;
				DEBUG_INFORMATION_FORMAT = "dwarf-with-dsym";
				ENABLE_NS_ASSERTIONS = NO;
				ENABLE_STRICT_OBJC_MSGSEND = YES;
				GCC_C_LANGUAGE_STANDARD = gnu11;
				GCC_NO_COMMON_BLOCKS = YES;
				GCC_WARN_64_TO_32_BIT_CONVERSION = YES;
				GCC_WARN_ABOUT_RETURN_TYPE = YES_ERROR;
				GCC_WARN_UNDECLARED_SELECTOR = YES;
				GCC_WARN_UNINITIALIZED_AUTOS = YES_AGGRESSIVE;
				GCC_WARN_UNUSED_FUNCTION = YES;
				GCC_WARN_UNUSED_VARIABLE = YES;
				IPHONEOS_DEPLOYMENT_TARGET = 12.1;
				MTL_ENABLE_DEBUG_INFO = NO;
				MTL_FAST_MATH = YES;
				SDKROOT = iphoneos;
				SWIFT_COMPILATION_MODE = wholemodule;
				SWIFT_OPTIMIZATION_LEVEL = "-O";
				VALIDATE_PRODUCT = YES;
			};
			name = Release;
		};
		24FCEE772209366600380FB4 /* Debug */ = {
			isa = XCBuildConfiguration;
			buildSettings = {
				ASSETCATALOG_COMPILER_APPICON_NAME = AppIcon;
				CODE_SIGN_STYLE = Automatic;
				INFOPLIST_FILE = "CSC 699 Lab1/Info.plist";
				LD_RUNPATH_SEARCH_PATHS = (
					"$(inherited)",
					"@executable_path/Frameworks",
				);
				PRODUCT_BUNDLE_IDENTIFIER = "mmoral.CSC-699-Lab1";
				PRODUCT_NAME = "$(TARGET_NAME)";
				SWIFT_VERSION = 4.2;
				TARGETED_DEVICE_FAMILY = "1,2";
			};
			name = Debug;
		};
		24FCEE782209366600380FB4 /* Release */ = {
			isa = XCBuildConfiguration;
			buildSettings = {
				ASSETCATALOG_COMPILER_APPICON_NAME = AppIcon;
				CODE_SIGN_STYLE = Automatic;
				INFOPLIST_FILE = "CSC 699 Lab1/Info.plist";
				LD_RUNPATH_SEARCH_PATHS = (
					"$(inherited)",
					"@executable_path/Frameworks",
				);
				PRODUCT_BUNDLE_IDENTIFIER = "mmoral.CSC-699-Lab1";
				PRODUCT_NAME = "$(TARGET_NAME)";
				SWIFT_VERSION = 4.2;
				TARGETED_DEVICE_FAMILY = "1,2";
			};
			name = Release;
		};
		24FCEE7A2209366600380FB4 /* Debug */ = {
			isa = XCBuildConfiguration;
			buildSettings = {
				ALWAYS_EMBED_SWIFT_STANDARD_LIBRARIES = YES;
				BUNDLE_LOADER = "$(TEST_HOST)";
				CODE_SIGN_STYLE = Automatic;
				INFOPLIST_FILE = "CSC 699 Lab1Tests/Info.plist";
				LD_RUNPATH_SEARCH_PATHS = (
					"$(inherited)",
					"@executable_path/Frameworks",
					"@loader_path/Frameworks",
				);
				PRODUCT_BUNDLE_IDENTIFIER = "mmoral.CSC-699-Lab1Tests";
				PRODUCT_NAME = "$(TARGET_NAME)";
				SWIFT_VERSION = 4.2;
				TARGETED_DEVICE_FAMILY = "1,2";
				TEST_HOST = "$(BUILT_PRODUCTS_DIR)/CSC 699 Lab1.app/CSC 699 Lab1";
			};
			name = Debug;
		};
		24FCEE7B2209366600380FB4 /* Release */ = {
			isa = XCBuildConfiguration;
			buildSettings = {
				ALWAYS_EMBED_SWIFT_STANDARD_LIBRARIES = YES;
				BUNDLE_LOADER = "$(TEST_HOST)";
				CODE_SIGN_STYLE = Automatic;
				INFOPLIST_FILE = "CSC 699 Lab1Tests/Info.plist";
				LD_RUNPATH_SEARCH_PATHS = (
					"$(inherited)",
					"@executable_path/Frameworks",
					"@loader_path/Frameworks",
				);
				PRODUCT_BUNDLE_IDENTIFIER = "mmoral.CSC-699-Lab1Tests";
				PRODUCT_NAME = "$(TARGET_NAME)";
				SWIFT_VERSION = 4.2;
				TARGETED_DEVICE_FAMILY = "1,2";
				TEST_HOST = "$(BUILT_PRODUCTS_DIR)/CSC 699 Lab1.app/CSC 699 Lab1";
			};
			name = Release;
		};
		24FCEE7D2209366600380FB4 /* Debug */ = {
			isa = XCBuildConfiguration;
			buildSettings = {
				ALWAYS_EMBED_SWIFT_STANDARD_LIBRARIES = YES;
				CODE_SIGN_STYLE = Automatic;
				INFOPLIST_FILE = "CSC 699 Lab1UITests/Info.plist";
				LD_RUNPATH_SEARCH_PATHS = (
					"$(inherited)",
					"@executable_path/Frameworks",
					"@loader_path/Frameworks",
				);
				PRODUCT_BUNDLE_IDENTIFIER = "mmoral.CSC-699-Lab1UITests";
				PRODUCT_NAME = "$(TARGET_NAME)";
				SWIFT_VERSION = 4.2;
				TARGETED_DEVICE_FAMILY = "1,2";
				TEST_TARGET_NAME = "CSC 699 Lab1";
			};
			name = Debug;
		};
		24FCEE7E2209366600380FB4 /* Release */ = {
			isa = XCBuildConfiguration;
			buildSettings = {
				ALWAYS_EMBED_SWIFT_STANDARD_LIBRARIES = YES;
				CODE_SIGN_STYLE = Automatic;
				INFOPLIST_FILE = "CSC 699 Lab1UITests/Info.plist";
				LD_RUNPATH_SEARCH_PATHS = (
					"$(inherited)",
					"@executable_path/Frameworks",
					"@loader_path/Frameworks",
				);
				PRODUCT_BUNDLE_IDENTIFIER = "mmoral.CSC-699-Lab1UITests";
				PRODUCT_NAME = "$(TARGET_NAME)";
				SWIFT_VERSION = 4.2;
				TARGETED_DEVICE_FAMILY = "1,2";
				TEST_TARGET_NAME = "CSC 699 Lab1";
			};
			name = Release;
		};
/* End XCBuildConfiguration section */

/* Begin XCConfigurationList section */
		24FCEE492209366300380FB4 /* Build configuration list for PBXProject "CSC 699 Lab1" */ = {
			isa = XCConfigurationList;
			buildConfigurations = (
				24FCEE742209366600380FB4 /* Debug */,
				24FCEE752209366600380FB4 /* Release */,
			);
			defaultConfigurationIsVisible = 0;
			defaultConfigurationName = Release;
		};
		24FCEE762209366600380FB4 /* Build configuration list for PBXNativeTarget "CSC 699 Lab1" */ = {
			isa = XCConfigurationList;
			buildConfigurations = (
				24FCEE772209366600380FB4 /* Debug */,
				24FCEE782209366600380FB4 /* Release */,
			);
			defaultConfigurationIsVisible = 0;
			defaultConfigurationName = Release;
		};
		24FCEE792209366600380FB4 /* Build configuration list for PBXNativeTarget "CSC 699 Lab1Tests" */ = {
			isa = XCConfigurationList;
			buildConfigurations = (
				24FCEE7A2209366600380FB4 /* Debug */,
				24FCEE7B2209366600380FB4 /* Release */,
			);
			defaultConfigurationIsVisible = 0;
			defaultConfigurationName = Release;
		};
		24FCEE7C2209366600380FB4 /* Build configuration list for PBXNativeTarget "CSC 699 Lab1UITests" */ = {
			isa = XCConfigurationList;
			buildConfigurations = (
				24FCEE7D2209366600380FB4 /* Debug */,
				24FCEE7E2209366600380FB4 /* Release */,
			);
			defaultConfigurationIsVisible = 0;
			defaultConfigurationName = Release;
		};
/* End XCConfigurationList section */
	};
	rootObject = 24FCEE462209366300380FB4 /* Project object */;
}
